
Microsoft Visual Studio Solution File, Format Version 12.00
# Visual Studio 2013
VisualStudioVersion = 12.0.21005.1
MinimumVisualStudioVersion = 10.0.40219.1
Project("{FAE04EC0-301F-11D3-BF4B-00C04F79EFBC}") = "WebAPI", "WebAPI\WebAPI.csproj", "{DFD3B5AD-904F-4CEB-9ABA-9B6CA8D4BC0B}"
EndProject
Project("{FAE04EC0-301F-11D3-BF4B-00C04F79EFBC}") = "WebAPI.Abstract", "WebAPI.Abstract\WebAPI.Abstract.csproj", "{C3B3E47C-A276-41A3-A65B-47DE129114E6}"
EndProject
Project("{FAE04EC0-301F-11D3-BF4B-00C04F79EFBC}") = "WebAPI.Services", "WebAPI.Impl\WebAPI.Services.csproj", "{61A5B11F-29B4-4413-AF2D-DA87A987C3FF}"
EndProject
Project("{FAE04EC0-301F-11D3-BF4B-00C04F79EFBC}") = "WebAPI.Tests", "WebAPI.Tests\WebAPI.Tests.csproj", "{DC9D3925-E927-4698-9687-DE156B5212BC}"
EndProject
Global
	GlobalSection(SolutionConfigurationPlatforms) = preSolution
		Debug|Any CPU = Debug|Any CPU
		Release|Any CPU = Release|Any CPU
	EndGlobalSection
	GlobalSection(ProjectConfigurationPlatforms) = postSolution
		{DFD3B5AD-904F-4CEB-9ABA-9B6CA8D4BC0B}.Debug|Any CPU.ActiveCfg = Debug|Any CPU
		{DFD3B5AD-904F-4CEB-9ABA-9B6CA8D4BC0B}.Debug|Any CPU.Build.0 = Debug|Any CPU
		{DFD3B5AD-904F-4CEB-9ABA-9B6CA8D4BC0B}.Release|Any CPU.ActiveCfg = Release|Any CPU
		{DFD3B5AD-904F-4CEB-9ABA-9B6CA8D4BC0B}.Release|Any CPU.Build.0 = Release|Any CPU
		{C3B3E47C-A276-41A3-A65B-47DE129114E6}.Debug|Any CPU.ActiveCfg = Debug|Any CPU
		{C3B3E47C-A276-41A3-A65B-47DE129114E6}.Debug|Any CPU.Build.0 = Debug|Any CPU
		{C3B3E47C-A276-41A3-A65B-47DE129114E6}.Release|Any CPU.ActiveCfg = Release|Any CPU
		{C3B3E47C-A276-41A3-A65B-47DE129114E6}.Release|Any CPU.Build.0 = Release|Any CPU
		{61A5B11F-29B4-4413-AF2D-DA87A987C3FF}.Debug|Any CPU.ActiveCfg = Debug|Any CPU
		{61A5B11F-29B4-4413-AF2D-DA87A987C3FF}.Debug|Any CPU.Build.0 = Debug|Any CPU
		{61A5B11F-29B4-4413-AF2D-DA87A987C3FF}.Release|Any CPU.ActiveCfg = Release|Any CPU
		{61A5B11F-29B4-4413-AF2D-DA87A987C3FF}.Release|Any CPU.Build.0 = Release|Any CPU
		{DC9D3925-E927-4698-9687-DE156B5212BC}.Debug|Any CPU.ActiveCfg = Debug|Any CPU
		{DC9D3925-E927-4698-9687-DE156B5212BC}.Debug|Any CPU.Build.0 = Debug|Any CPU
		{DC9D3925-E927-4698-9687-DE156B5212BC}.Release|Any CPU.ActiveCfg = Release|Any CPU
		{DC9D3925-E927-4698-9687-DE156B5212BC}.Release|Any CPU.Build.0 = Release|Any CPU
	EndGlobalSection
	GlobalSection(SolutionProperties) = preSolution
		HideSolutionNode = FALSE
	EndGlobalSection
EndGlobal
